
Microsoft Visual Studio Solution File, Format Version 12.00
# Visual Studio Version 17
VisualStudioVersion = 17.14.36310.24
MinimumVisualStudioVersion = 10.0.40219.1
Project("{FAE04EC0-301F-11D3-BF4B-00C04F79EFBC}") = "SOLID_OCP", "SOLID_OCP\SOLID_OCP.csproj", "{89EAE306-43D0-44AF-B442-02AF2841B253}"
EndProject
Project("{FAE04EC0-301F-11D3-BF4B-00C04F79EFBC}") = "SOLID_SRP", "SOLID_SRP\SOLID_SRP.csproj", "{B8736A59-88C1-4D59-A524-847ED5DB9FB8}"
EndProject
Project("{FAE04EC0-301F-11D3-BF4B-00C04F79EFBC}") = "SOLID_LSP", "SOLID_LSP\SOLID_LSP.csproj", "{3410EA36-3AF8-49D0-8733-184CDE2DF9FD}"
EndProject
Project("{FAE04EC0-301F-11D3-BF4B-00C04F79EFBC}") = "SOLID_ISP", "SOLID_ISP\SOLID_ISP.csproj", "{5239E8BD-A1C3-4E52-A8C6-D5BDAD50E942}"
EndProject
Project("{FAE04EC0-301F-11D3-BF4B-00C04F79EFBC}") = "SOLID_DIP", "SOLID_DIP\SOLID_DIP.csproj", "{142721ED-1601-41AD-B0BF-4A7242B45C1C}"
EndProject
Global
	GlobalSection(SolutionConfigurationPlatforms) = preSolution
		Debug|Any CPU = Debug|Any CPU
		Release|Any CPU = Release|Any CPU
	EndGlobalSection
	GlobalSection(ProjectConfigurationPlatforms) = postSolution
		{89EAE306-43D0-44AF-B442-02AF2841B253}.Debug|Any CPU.ActiveCfg = Debug|Any CPU
		{89EAE306-43D0-44AF-B442-02AF2841B253}.Debug|Any CPU.Build.0 = Debug|Any CPU
		{89EAE306-43D0-44AF-B442-02AF2841B253}.Release|Any CPU.ActiveCfg = Release|Any CPU
		{89EAE306-43D0-44AF-B442-02AF2841B253}.Release|Any CPU.Build.0 = Release|Any CPU
		{B8736A59-88C1-4D59-A524-847ED5DB9FB8}.Debug|Any CPU.ActiveCfg = Debug|Any CPU
		{B8736A59-88C1-4D59-A524-847ED5DB9FB8}.Debug|Any CPU.Build.0 = Debug|Any CPU
		{B8736A59-88C1-4D59-A524-847ED5DB9FB8}.Release|Any CPU.ActiveCfg = Release|Any CPU
		{B8736A59-88C1-4D59-A524-847ED5DB9FB8}.Release|Any CPU.Build.0 = Release|Any CPU
		{3410EA36-3AF8-49D0-8733-184CDE2DF9FD}.Debug|Any CPU.ActiveCfg = Debug|Any CPU
		{3410EA36-3AF8-49D0-8733-184CDE2DF9FD}.Debug|Any CPU.Build.0 = Debug|Any CPU
		{3410EA36-3AF8-49D0-8733-184CDE2DF9FD}.Release|Any CPU.ActiveCfg = Release|Any CPU
		{3410EA36-3AF8-49D0-8733-184CDE2DF9FD}.Release|Any CPU.Build.0 = Release|Any CPU
		{5239E8BD-A1C3-4E52-A8C6-D5BDAD50E942}.Debug|Any CPU.ActiveCfg = Debug|Any CPU
		{5239E8BD-A1C3-4E52-A8C6-D5BDAD50E942}.Debug|Any CPU.Build.0 = Debug|Any CPU
		{5239E8BD-A1C3-4E52-A8C6-D5BDAD50E942}.Release|Any CPU.ActiveCfg = Release|Any CPU
		{5239E8BD-A1C3-4E52-A8C6-D5BDAD50E942}.Release|Any CPU.Build.0 = Release|Any CPU
		{142721ED-1601-41AD-B0BF-4A7242B45C1C}.Debug|Any CPU.ActiveCfg = Debug|Any CPU
		{142721ED-1601-41AD-B0BF-4A7242B45C1C}.Debug|Any CPU.Build.0 = Debug|Any CPU
		{142721ED-1601-41AD-B0BF-4A7242B45C1C}.Release|Any CPU.ActiveCfg = Release|Any CPU
		{142721ED-1601-41AD-B0BF-4A7242B45C1C}.Release|Any CPU.Build.0 = Release|Any CPU
	EndGlobalSection
	GlobalSection(SolutionProperties) = preSolution
		HideSolutionNode = FALSE
	EndGlobalSection
	GlobalSection(ExtensibilityGlobals) = postSolution
		SolutionGuid = {2B75CC2E-FCB0-44A9-BF97-A48122DE4832}
	EndGlobalSection
EndGlobal
